
Microsoft Visual Studio Solution File, Format Version 12.00
# Visual Studio Version 16
VisualStudioVersion = 16.0.31424.327
MinimumVisualStudioVersion = 10.0.40219.1
Project("{FAE04EC0-301F-11D3-BF4B-00C04F79EFBC}") = "LibraryMatches", "LibraryMatches.csproj", "{14AB9095-2A99-4BFC-84BE-4BF660EF79C0}"
EndProject
Global
	GlobalSection(SolutionConfigurationPlatforms) = preSolution
		Debug|Any CPU = Debug|Any CPU
		Release|Any CPU = Release|Any CPU
	EndGlobalSection
	GlobalSection(ProjectConfigurationPlatforms) = postSolution
		{14AB9095-2A99-4BFC-84BE-4BF660EF79C0}.Debug|Any CPU.ActiveCfg = Debug|Any CPU
		{14AB9095-2A99-4BFC-84BE-4BF660EF79C0}.Debug|Any CPU.Build.0 = Debug|Any CPU
		{14AB9095-2A99-4BFC-84BE-4BF660EF79C0}.Release|Any CPU.ActiveCfg = Release|Any CPU
		{14AB9095-2A99-4BFC-84BE-4BF660EF79C0}.Release|Any CPU.Build.0 = Release|Any CPU
	EndGlobalSection
	GlobalSection(SolutionProperties) = preSolution
		HideSolutionNode = FALSE
	EndGlobalSection
	GlobalSection(ExtensibilityGlobals) = postSolution
		SolutionGuid = {343715C4-B980-4CA9-AD44-EE663288C8F3}
	EndGlobalSection
EndGlobal
