
Microsoft Visual Studio Solution File, Format Version 12.00
# Visual Studio Version 16
VisualStudioVersion = 16.0.32901.82
MinimumVisualStudioVersion = 10.0.40219.1
Project("{FAE04EC0-301F-11D3-BF4B-00C04F79EFBC}") = "TP_All_Labs", "TP_All_Labs.csproj", "{F434AB0E-809B-46C7-AEAF-1077D32C1647}"
EndProject
Global
	GlobalSection(SolutionConfigurationPlatforms) = preSolution
		Debug|Any CPU = Debug|Any CPU
		Release|Any CPU = Release|Any CPU
	EndGlobalSection
	GlobalSection(ProjectConfigurationPlatforms) = postSolution
		{F434AB0E-809B-46C7-AEAF-1077D32C1647}.Debug|Any CPU.ActiveCfg = Debug|Any CPU
		{F434AB0E-809B-46C7-AEAF-1077D32C1647}.Debug|Any CPU.Build.0 = Debug|Any CPU
		{F434AB0E-809B-46C7-AEAF-1077D32C1647}.Release|Any CPU.ActiveCfg = Release|Any CPU
		{F434AB0E-809B-46C7-AEAF-1077D32C1647}.Release|Any CPU.Build.0 = Release|Any CPU
	EndGlobalSection
	GlobalSection(SolutionProperties) = preSolution
		HideSolutionNode = FALSE
	EndGlobalSection
	GlobalSection(ExtensibilityGlobals) = postSolution
		SolutionGuid = {21BCC8C4-F34A-418C-84D5-E67F7286B284}
	EndGlobalSection
EndGlobal
